// !$*UTF8*$!
{
	archiveVersion = 1;
	classes = {
	};
	objectVersion = 46;
	objects = {

/* Begin PBXBuildFile section */
		1A4172D31C116D5900417D6F /* appIcon.assests.xcassets in Resources */ = {isa = PBXBuildFile; fileRef = 1A4172D21C116D5900417D6F /* appIcon.assests.xcassets */; };
		1A715E6F1C16291B00631BB4 /* AlamofireImage.framework in Frameworks */ = {isa = PBXBuildFile; fileRef = 1A715E621C16290D00631BB4 /* AlamofireImage.framework */; };
		1A715E701C16291B00631BB4 /* AlamofireImage.framework in Embed Frameworks */ = {isa = PBXBuildFile; fileRef = 1A715E621C16290D00631BB4 /* AlamofireImage.framework */; settings = {ATTRIBUTES = (CodeSignOnCopy, RemoveHeadersOnCopy, ); }; };
		1A715E8C1C162BA500631BB4 /* Alamofire.framework in Frameworks */ = {isa = PBXBuildFile; fileRef = 1A715E7F1C162B9700631BB4 /* Alamofire.framework */; };
		1A715E8D1C162BA500631BB4 /* Alamofire.framework in Embed Frameworks */ = {isa = PBXBuildFile; fileRef = 1A715E7F1C162B9700631BB4 /* Alamofire.framework */; settings = {ATTRIBUTES = (CodeSignOnCopy, RemoveHeadersOnCopy, ); }; };
		1A7592871C117C2900F7BD3B /* animal496.png in Resources */ = {isa = PBXBuildFile; fileRef = 1A75926E1C117C2900F7BD3B /* animal496.png */; };
		1A7592881C117C2900F7BD3B /* AppDelegate.swift in Sources */ = {isa = PBXBuildFile; fileRef = 1A75926F1C117C2900F7BD3B /* AppDelegate.swift */; };
		1A7592891C117C2900F7BD3B /* BackTableVC.swift in Sources */ = {isa = PBXBuildFile; fileRef = 1A7592701C117C2900F7BD3B /* BackTableVC.swift */; };
		1A75928A1C117C2900F7BD3B /* CategoryPost.swift in Sources */ = {isa = PBXBuildFile; fileRef = 1A7592711C117C2900F7BD3B /* CategoryPost.swift */; };
		1A75928B1C117C2900F7BD3B /* FriendSection.swift in Sources */ = {isa = PBXBuildFile; fileRef = 1A7592731C117C2900F7BD3B /* FriendSection.swift */; };
		1A75928C1C117C2900F7BD3B /* Info.plist in Resources */ = {isa = PBXBuildFile; fileRef = 1A7592741C117C2900F7BD3B /* Info.plist */; };
		1A75928D1C117C2900F7BD3B /* LeftCategory.swift in Sources */ = {isa = PBXBuildFile; fileRef = 1A7592751C117C2900F7BD3B /* LeftCategory.swift */; };
		1A75928E1C117C2900F7BD3B /* LeftCategoryCell.swift in Sources */ = {isa = PBXBuildFile; fileRef = 1A7592761C117C2900F7BD3B /* LeftCategoryCell.swift */; };
		1A75928F1C117C2900F7BD3B /* LoginForm.swift in Sources */ = {isa = PBXBuildFile; fileRef = 1A7592771C117C2900F7BD3B /* LoginForm.swift */; };
		1A7592901C117C2900F7BD3B /* MGSwipeButton.m in Sources */ = {isa = PBXBuildFile; fileRef = 1A7592791C117C2900F7BD3B /* MGSwipeButton.m */; };
		1A7592911C117C2900F7BD3B /* MGSwipeTableCell.m in Sources */ = {isa = PBXBuildFile; fileRef = 1A75927B1C117C2900F7BD3B /* MGSwipeTableCell.m */; };
		1A7592921C117C2900F7BD3B /* Post.swift in Sources */ = {isa = PBXBuildFile; fileRef = 1A75927C1C117C2900F7BD3B /* Post.swift */; };
		1A7592931C117C2900F7BD3B /* PostTableViewCell.swift in Sources */ = {isa = PBXBuildFile; fileRef = 1A75927D1C117C2900F7BD3B /* PostTableViewCell.swift */; };
		1A7592941C117C2900F7BD3B /* RegisterView.swift in Sources */ = {isa = PBXBuildFile; fileRef = 1A75927E1C117C2900F7BD3B /* RegisterView.swift */; };
		1A7592951C117C2900F7BD3B /* RightCategory.swift in Sources */ = {isa = PBXBuildFile; fileRef = 1A75927F1C117C2900F7BD3B /* RightCategory.swift */; };
		1A7592961C117C2900F7BD3B /* RightCategoryCell.swift in Sources */ = {isa = PBXBuildFile; fileRef = 1A7592801C117C2900F7BD3B /* RightCategoryCell.swift */; };
		1A7592971C117C2900F7BD3B /* ServerRequestFactory.swift in Sources */ = {isa = PBXBuildFile; fileRef = 1A7592811C117C2900F7BD3B /* ServerRequestFactory.swift */; };
		1A7592981C117C2900F7BD3B /* settings.png in Resources */ = {isa = PBXBuildFile; fileRef = 1A7592821C117C2900F7BD3B /* settings.png */; };
		1A7592991C117C2900F7BD3B /* SWRevealViewController.m in Sources */ = {isa = PBXBuildFile; fileRef = 1A7592841C117C2900F7BD3B /* SWRevealViewController.m */; };
		1A75929A1C117C2900F7BD3B /* user.png in Resources */ = {isa = PBXBuildFile; fileRef = 1A7592851C117C2900F7BD3B /* user.png */; };
		1A75929B1C117C2900F7BD3B /* ViewController.swift in Sources */ = {isa = PBXBuildFile; fileRef = 1A7592861C117C2900F7BD3B /* ViewController.swift */; };
		1A7592A01C117C7900F7BD3B /* LaunchScreen.storyboard in Resources */ = {isa = PBXBuildFile; fileRef = 1A75929C1C117C7900F7BD3B /* LaunchScreen.storyboard */; };
		1A7592A11C117C7900F7BD3B /* Main.storyboard in Resources */ = {isa = PBXBuildFile; fileRef = 1A75929E1C117C7900F7BD3B /* Main.storyboard */; };
		1A9C89811C1167EB0040C9E9 /* Assets.xcassets in Resources */ = {isa = PBXBuildFile; fileRef = 1A9C89801C1167EB0040C9E9 /* Assets.xcassets */; };
		1A9C898F1C1167EB0040C9E9 /* ChillerTests.swift in Sources */ = {isa = PBXBuildFile; fileRef = 1A9C898E1C1167EB0040C9E9 /* ChillerTests.swift */; };
		1A9C899A1C1167EB0040C9E9 /* ChillerUITests.swift in Sources */ = {isa = PBXBuildFile; fileRef = 1A9C89991C1167EB0040C9E9 /* ChillerUITests.swift */; };
		1AEE78FD1C12CD11004AB084 /* MyAccountPage.swift in Sources */ = {isa = PBXBuildFile; fileRef = 1AEE78FC1C12CD11004AB084 /* MyAccountPage.swift */; };
/* End PBXBuildFile section */

/* Begin PBXContainerItemProxy section */
		1A715E611C16290D00631BB4 /* PBXContainerItemProxy */ = {
			isa = PBXContainerItemProxy;
			containerPortal = 1A715E561C16290D00631BB4 /* AlamofireImage.xcodeproj */;
			proxyType = 2;
			remoteGlobalIDString = 4C9043771AABBFC5001B4E60;
			remoteInfo = "AlamofireImage iOS";
		};
		1A715E631C16290D00631BB4 /* PBXContainerItemProxy */ = {
			isa = PBXContainerItemProxy;
			containerPortal = 1A715E561C16290D00631BB4 /* AlamofireImage.xcodeproj */;
			proxyType = 2;
			remoteGlobalIDString = 4C9043821AABBFC5001B4E60;
			remoteInfo = "AlamofireImage iOS Tests";
		};
		1A715E651C16290D00631BB4 /* PBXContainerItemProxy */ = {
			isa = PBXContainerItemProxy;
			containerPortal = 1A715E561C16290D00631BB4 /* AlamofireImage.xcodeproj */;
			proxyType = 2;
			remoteGlobalIDString = 4CE611321AABC24E00D35044;
			remoteInfo = "AlamofireImage OSX";
		};
		1A715E671C16290D00631BB4 /* PBXContainerItemProxy */ = {
			isa = PBXContainerItemProxy;
			containerPortal = 1A715E561C16290D00631BB4 /* AlamofireImage.xcodeproj */;
			proxyType = 2;
			remoteGlobalIDString = 4CE611471AABC5C900D35044;
			remoteInfo = "AlamofireImage OSX Tests";
		};
		1A715E691C16290D00631BB4 /* PBXContainerItemProxy */ = {
			isa = PBXContainerItemProxy;
			containerPortal = 1A715E561C16290D00631BB4 /* AlamofireImage.xcodeproj */;
			proxyType = 2;
			remoteGlobalIDString = 4C16B37D1BA9399500A66EF0;
			remoteInfo = "AlamofireImage tvOS";
		};
		1A715E6B1C16290D00631BB4 /* PBXContainerItemProxy */ = {
			isa = PBXContainerItemProxy;
			containerPortal = 1A715E561C16290D00631BB4 /* AlamofireImage.xcodeproj */;
			proxyType = 2;
			remoteGlobalIDString = 4C16B3861BA9399500A66EF0;
			remoteInfo = "AlamofireImage tvOS Tests";
		};
		1A715E6D1C16290D00631BB4 /* PBXContainerItemProxy */ = {
			isa = PBXContainerItemProxy;
			containerPortal = 1A715E561C16290D00631BB4 /* AlamofireImage.xcodeproj */;
			proxyType = 2;
			remoteGlobalIDString = 4C4D4EC11B92976900C96855;
			remoteInfo = "AlamofireImage watchOS";
		};
		1A715E711C16291B00631BB4 /* PBXContainerItemProxy */ = {
			isa = PBXContainerItemProxy;
			containerPortal = 1A715E561C16290D00631BB4 /* AlamofireImage.xcodeproj */;
			proxyType = 1;
			remoteGlobalIDString = 4C9043761AABBFC5001B4E60;
			remoteInfo = "AlamofireImage iOS";
		};
		1A715E7E1C162B9700631BB4 /* PBXContainerItemProxy */ = {
			isa = PBXContainerItemProxy;
			containerPortal = 1A715E741C162B9700631BB4 /* Alamofire.xcodeproj */;
			proxyType = 2;
			remoteGlobalIDString = F8111E3319A95C8B0040E7D1;
			remoteInfo = "Alamofire iOS";
		};
		1A715E801C162B9700631BB4 /* PBXContainerItemProxy */ = {
			isa = PBXContainerItemProxy;
			containerPortal = 1A715E741C162B9700631BB4 /* Alamofire.xcodeproj */;
			proxyType = 2;
			remoteGlobalIDString = F8111E3E19A95C8B0040E7D1;
			remoteInfo = "Alamofire iOS Tests";
		};
		1A715E821C162B9700631BB4 /* PBXContainerItemProxy */ = {
			isa = PBXContainerItemProxy;
			containerPortal = 1A715E741C162B9700631BB4 /* Alamofire.xcodeproj */;
			proxyType = 2;
			remoteGlobalIDString = 4DD67C0B1A5C55C900ED2280;
			remoteInfo = "Alamofire OSX";
		};
		1A715E841C162B9700631BB4 /* PBXContainerItemProxy */ = {
			isa = PBXContainerItemProxy;
			containerPortal = 1A715E741C162B9700631BB4 /* Alamofire.xcodeproj */;
			proxyType = 2;
			remoteGlobalIDString = F829C6B21A7A94F100A2CD59;
			remoteInfo = "Alamofire OSX Tests";
		};
		1A715E861C162B9700631BB4 /* PBXContainerItemProxy */ = {
			isa = PBXContainerItemProxy;
			containerPortal = 1A715E741C162B9700631BB4 /* Alamofire.xcodeproj */;
			proxyType = 2;
			remoteGlobalIDString = 4CF626EF1BA7CB3E0011A099;
			remoteInfo = "Alamofire tvOS";
		};
		1A715E881C162B9700631BB4 /* PBXContainerItemProxy */ = {
			isa = PBXContainerItemProxy;
			containerPortal = 1A715E741C162B9700631BB4 /* Alamofire.xcodeproj */;
			proxyType = 2;
			remoteGlobalIDString = 4CF626F81BA7CB3E0011A099;
			remoteInfo = "Alamofire tvOS Tests";
		};
		1A715E8A1C162B9700631BB4 /* PBXContainerItemProxy */ = {
			isa = PBXContainerItemProxy;
			containerPortal = 1A715E741C162B9700631BB4 /* Alamofire.xcodeproj */;
			proxyType = 2;
			remoteGlobalIDString = E4202FE01B667AA100C997FB;
			remoteInfo = "Alamofire watchOS";
		};
		1A715E8E1C162BA500631BB4 /* PBXContainerItemProxy */ = {
			isa = PBXContainerItemProxy;
			containerPortal = 1A715E741C162B9700631BB4 /* Alamofire.xcodeproj */;
			proxyType = 1;
			remoteGlobalIDString = F8111E3219A95C8B0040E7D1;
			remoteInfo = "Alamofire iOS";
		};
		1A9C898B1C1167EB0040C9E9 /* PBXContainerItemProxy */ = {
			isa = PBXContainerItemProxy;
			containerPortal = 1A9C896E1C1167EB0040C9E9 /* Project object */;
			proxyType = 1;
			remoteGlobalIDString = 1A9C89751C1167EB0040C9E9;
			remoteInfo = Chiller;
		};
		1A9C89961C1167EB0040C9E9 /* PBXContainerItemProxy */ = {
			isa = PBXContainerItemProxy;
			containerPortal = 1A9C896E1C1167EB0040C9E9 /* Project object */;
			proxyType = 1;
			remoteGlobalIDString = 1A9C89751C1167EB0040C9E9;
			remoteInfo = Chiller;
		};
/* End PBXContainerItemProxy section */

/* Begin PBXCopyFilesBuildPhase section */
		1A715E731C16291B00631BB4 /* Embed Frameworks */ = {
			isa = PBXCopyFilesBuildPhase;
			buildActionMask = 2147483647;
			dstPath = "";
			dstSubfolderSpec = 10;
			files = (
				1A715E701C16291B00631BB4 /* AlamofireImage.framework in Embed Frameworks */,
				1A715E8D1C162BA500631BB4 /* Alamofire.framework in Embed Frameworks */,
			);
			name = "Embed Frameworks";
			runOnlyForDeploymentPostprocessing = 0;
		};
/* End PBXCopyFilesBuildPhase section */

/* Begin PBXFileReference section */
		1A4172D21C116D5900417D6F /* appIcon.assests.xcassets */ = {isa = PBXFileReference; lastKnownFileType = folder.assetcatalog; path = appIcon.assests.xcassets; sourceTree = "<group>"; };
		1A715E561C16290D00631BB4 /* AlamofireImage.xcodeproj */ = {isa = PBXFileReference; lastKnownFileType = "wrapper.pb-project"; name = AlamofireImage.xcodeproj; path = "Chiller/AlamofireImage-master/AlamofireImage.xcodeproj"; sourceTree = "<group>"; };
		1A715E741C162B9700631BB4 /* Alamofire.xcodeproj */ = {isa = PBXFileReference; lastKnownFileType = "wrapper.pb-project"; name = Alamofire.xcodeproj; path = "Chiller/Alamofire-master/Alamofire.xcodeproj"; sourceTree = "<group>"; };
		1A75926E1C117C2900F7BD3B /* animal496.png */ = {isa = PBXFileReference; lastKnownFileType = image.png; path = animal496.png; sourceTree = "<group>"; };
		1A75926F1C117C2900F7BD3B /* AppDelegate.swift */ = {isa = PBXFileReference; fileEncoding = 4; lastKnownFileType = sourcecode.swift; path = AppDelegate.swift; sourceTree = "<group>"; };
		1A7592701C117C2900F7BD3B /* BackTableVC.swift */ = {isa = PBXFileReference; fileEncoding = 4; lastKnownFileType = sourcecode.swift; path = BackTableVC.swift; sourceTree = "<group>"; };
		1A7592711C117C2900F7BD3B /* CategoryPost.swift */ = {isa = PBXFileReference; fileEncoding = 4; lastKnownFileType = sourcecode.swift; path = CategoryPost.swift; sourceTree = "<group>"; };
		1A7592721C117C2900F7BD3B /* Chiller-Bridging-Header.h */ = {isa = PBXFileReference; fileEncoding = 4; lastKnownFileType = sourcecode.c.h; path = "Chiller-Bridging-Header.h"; sourceTree = "<group>"; };
		1A7592731C117C2900F7BD3B /* FriendSection.swift */ = {isa = PBXFileReference; fileEncoding = 4; lastKnownFileType = sourcecode.swift; path = FriendSection.swift; sourceTree = "<group>"; };
		1A7592741C117C2900F7BD3B /* Info.plist */ = {isa = PBXFileReference; fileEncoding = 4; lastKnownFileType = text.plist.xml; path = Info.plist; sourceTree = "<group>"; };
		1A7592751C117C2900F7BD3B /* LeftCategory.swift */ = {isa = PBXFileReference; fileEncoding = 4; lastKnownFileType = sourcecode.swift; path = LeftCategory.swift; sourceTree = "<group>"; };
		1A7592761C117C2900F7BD3B /* LeftCategoryCell.swift */ = {isa = PBXFileReference; fileEncoding = 4; lastKnownFileType = sourcecode.swift; path = LeftCategoryCell.swift; sourceTree = "<group>"; };
		1A7592771C117C2900F7BD3B /* LoginForm.swift */ = {isa = PBXFileReference; fileEncoding = 4; lastKnownFileType = sourcecode.swift; path = LoginForm.swift; sourceTree = "<group>"; };
		1A7592781C117C2900F7BD3B /* MGSwipeButton.h */ = {isa = PBXFileReference; fileEncoding = 4; lastKnownFileType = sourcecode.c.h; path = MGSwipeButton.h; sourceTree = "<group>"; };
		1A7592791C117C2900F7BD3B /* MGSwipeButton.m */ = {isa = PBXFileReference; fileEncoding = 4; lastKnownFileType = sourcecode.c.objc; path = MGSwipeButton.m; sourceTree = "<group>"; };
		1A75927A1C117C2900F7BD3B /* MGSwipeTableCell.h */ = {isa = PBXFileReference; fileEncoding = 4; lastKnownFileType = sourcecode.c.h; path = MGSwipeTableCell.h; sourceTree = "<group>"; };
		1A75927B1C117C2900F7BD3B /* MGSwipeTableCell.m */ = {isa = PBXFileReference; fileEncoding = 4; lastKnownFileType = sourcecode.c.objc; path = MGSwipeTableCell.m; sourceTree = "<group>"; };
		1A75927C1C117C2900F7BD3B /* Post.swift */ = {isa = PBXFileReference; fileEncoding = 4; lastKnownFileType = sourcecode.swift; path = Post.swift; sourceTree = "<group>"; };
		1A75927D1C117C2900F7BD3B /* PostTableViewCell.swift */ = {isa = PBXFileReference; fileEncoding = 4; lastKnownFileType = sourcecode.swift; path = PostTableViewCell.swift; sourceTree = "<group>"; };
		1A75927E1C117C2900F7BD3B /* RegisterView.swift */ = {isa = PBXFileReference; fileEncoding = 4; lastKnownFileType = sourcecode.swift; path = RegisterView.swift; sourceTree = "<group>"; };
		1A75927F1C117C2900F7BD3B /* RightCategory.swift */ = {isa = PBXFileReference; fileEncoding = 4; lastKnownFileType = sourcecode.swift; path = RightCategory.swift; sourceTree = "<group>"; };
		1A7592801C117C2900F7BD3B /* RightCategoryCell.swift */ = {isa = PBXFileReference; fileEncoding = 4; lastKnownFileType = sourcecode.swift; path = RightCategoryCell.swift; sourceTree = "<group>"; };
		1A7592811C117C2900F7BD3B /* ServerRequestFactory.swift */ = {isa = PBXFileReference; fileEncoding = 4; lastKnownFileType = sourcecode.swift; path = ServerRequestFactory.swift; sourceTree = "<group>"; };
		1A7592821C117C2900F7BD3B /* settings.png */ = {isa = PBXFileReference; lastKnownFileType = image.png; path = settings.png; sourceTree = "<group>"; };
		1A7592831C117C2900F7BD3B /* SWRevealViewController.h */ = {isa = PBXFileReference; fileEncoding = 4; lastKnownFileType = sourcecode.c.h; path = SWRevealViewController.h; sourceTree = "<group>"; };
		1A7592841C117C2900F7BD3B /* SWRevealViewController.m */ = {isa = PBXFileReference; fileEncoding = 4; lastKnownFileType = sourcecode.c.objc; path = SWRevealViewController.m; sourceTree = "<group>"; };
		1A7592851C117C2900F7BD3B /* user.png */ = {isa = PBXFileReference; lastKnownFileType = image.png; path = user.png; sourceTree = "<group>"; };
		1A7592861C117C2900F7BD3B /* ViewController.swift */ = {isa = PBXFileReference; fileEncoding = 4; lastKnownFileType = sourcecode.swift; path = ViewController.swift; sourceTree = "<group>"; };
		1A75929D1C117C7900F7BD3B /* Base */ = {isa = PBXFileReference; lastKnownFileType = file.storyboard; name = Base; path = Base.lproj/LaunchScreen.storyboard; sourceTree = "<group>"; };
		1A75929F1C117C7900F7BD3B /* Base */ = {isa = PBXFileReference; lastKnownFileType = file.storyboard; name = Base; path = Base.lproj/Main.storyboard; sourceTree = "<group>"; };
		1A9C89761C1167EB0040C9E9 /* Chiller.app */ = {isa = PBXFileReference; explicitFileType = wrapper.application; includeInIndex = 0; path = Chiller.app; sourceTree = BUILT_PRODUCTS_DIR; };
		1A9C89801C1167EB0040C9E9 /* Assets.xcassets */ = {isa = PBXFileReference; lastKnownFileType = folder.assetcatalog; path = Assets.xcassets; sourceTree = "<group>"; };
		1A9C898A1C1167EB0040C9E9 /* ChillerTests.xctest */ = {isa = PBXFileReference; explicitFileType = wrapper.cfbundle; includeInIndex = 0; path = ChillerTests.xctest; sourceTree = BUILT_PRODUCTS_DIR; };
		1A9C898E1C1167EB0040C9E9 /* ChillerTests.swift */ = {isa = PBXFileReference; lastKnownFileType = sourcecode.swift; path = ChillerTests.swift; sourceTree = "<group>"; };
		1A9C89901C1167EB0040C9E9 /* Info.plist */ = {isa = PBXFileReference; lastKnownFileType = text.plist.xml; path = Info.plist; sourceTree = "<group>"; };
		1A9C89951C1167EB0040C9E9 /* ChillerUITests.xctest */ = {isa = PBXFileReference; explicitFileType = wrapper.cfbundle; includeInIndex = 0; path = ChillerUITests.xctest; sourceTree = BUILT_PRODUCTS_DIR; };
		1A9C89991C1167EB0040C9E9 /* ChillerUITests.swift */ = {isa = PBXFileReference; lastKnownFileType = sourcecode.swift; path = ChillerUITests.swift; sourceTree = "<group>"; };
		1A9C899B1C1167EB0040C9E9 /* Info.plist */ = {isa = PBXFileReference; lastKnownFileType = text.plist.xml; path = Info.plist; sourceTree = "<group>"; };
		1AEE78FC1C12CD11004AB084 /* MyAccountPage.swift */ = {isa = PBXFileReference; fileEncoding = 4; lastKnownFileType = sourcecode.swift; path = MyAccountPage.swift; sourceTree = "<group>"; };
/* End PBXFileReference section */

/* Begin PBXFrameworksBuildPhase section */
		1A9C89731C1167EB0040C9E9 /* Frameworks */ = {
			isa = PBXFrameworksBuildPhase;
			buildActionMask = 2147483647;
			files = (
				1A715E6F1C16291B00631BB4 /* AlamofireImage.framework in Frameworks */,
				1A715E8C1C162BA500631BB4 /* Alamofire.framework in Frameworks */,
			);
			runOnlyForDeploymentPostprocessing = 0;
		};
		1A9C89871C1167EB0040C9E9 /* Frameworks */ = {
			isa = PBXFrameworksBuildPhase;
			buildActionMask = 2147483647;
			files = (
			);
			runOnlyForDeploymentPostprocessing = 0;
		};
		1A9C89921C1167EB0040C9E9 /* Frameworks */ = {
			isa = PBXFrameworksBuildPhase;
			buildActionMask = 2147483647;
			files = (
			);
			runOnlyForDeploymentPostprocessing = 0;
		};
/* End PBXFrameworksBuildPhase section */

/* Begin PBXGroup section */
		1A715E571C16290D00631BB4 /* Products */ = {
			isa = PBXGroup;
			children = (
				1A715E621C16290D00631BB4 /* AlamofireImage.framework */,
				1A715E641C16290D00631BB4 /* AlamofireImage iOS Tests.xctest */,
				1A715E661C16290D00631BB4 /* AlamofireImage.framework */,
				1A715E681C16290D00631BB4 /* AlamofireImage OSX Tests.xctest */,
				1A715E6A1C16290D00631BB4 /* AlamofireImage.framework */,
				1A715E6C1C16290D00631BB4 /* AlamofireImage tvOS Tests.xctest */,
				1A715E6E1C16290D00631BB4 /* AlamofireImage.framework */,
			);
			name = Products;
			sourceTree = "<group>";
		};
		1A715E751C162B9700631BB4 /* Products */ = {
			isa = PBXGroup;
			children = (
				1A715E7F1C162B9700631BB4 /* Alamofire.framework */,
				1A715E811C162B9700631BB4 /* Alamofire iOS Tests.xctest */,
				1A715E831C162B9700631BB4 /* Alamofire.framework */,
				1A715E851C162B9700631BB4 /* Alamofire OSX Tests.xctest */,
				1A715E871C162B9700631BB4 /* Alamofire.framework */,
				1A715E891C162B9700631BB4 /* Alamofire tvOS Tests.xctest */,
				1A715E8B1C162B9700631BB4 /* Alamofire.framework */,
			);
			name = Products;
			sourceTree = "<group>";
		};
		1A9C896D1C1167EB0040C9E9 = {
			isa = PBXGroup;
			children = (
				1A715E741C162B9700631BB4 /* Alamofire.xcodeproj */,
				1A715E561C16290D00631BB4 /* AlamofireImage.xcodeproj */,
				1A9C89781C1167EB0040C9E9 /* Chiller */,
				1A9C898D1C1167EB0040C9E9 /* ChillerTests */,
				1A9C89981C1167EB0040C9E9 /* ChillerUITests */,
				1A9C89771C1167EB0040C9E9 /* Products */,
			);
			sourceTree = "<group>";
		};
		1A9C89771C1167EB0040C9E9 /* Products */ = {
			isa = PBXGroup;
			children = (
				1A9C89761C1167EB0040C9E9 /* Chiller.app */,
				1A9C898A1C1167EB0040C9E9 /* ChillerTests.xctest */,
				1A9C89951C1167EB0040C9E9 /* ChillerUITests.xctest */,
			);
			name = Products;
			sourceTree = "<group>";
		};
		1A9C89781C1167EB0040C9E9 /* Chiller */ = {
			isa = PBXGroup;
			children = (
				1A75926E1C117C2900F7BD3B /* animal496.png */,
				1A75926F1C117C2900F7BD3B /* AppDelegate.swift */,
				1A7592701C117C2900F7BD3B /* BackTableVC.swift */,
				1A7592711C117C2900F7BD3B /* CategoryPost.swift */,
				1A7592721C117C2900F7BD3B /* Chiller-Bridging-Header.h */,
				1A7592731C117C2900F7BD3B /* FriendSection.swift */,
				1A7592741C117C2900F7BD3B /* Info.plist */,
				1A75929C1C117C7900F7BD3B /* LaunchScreen.storyboard */,
				1A75929E1C117C7900F7BD3B /* Main.storyboard */,
				1A7592751C117C2900F7BD3B /* LeftCategory.swift */,
				1A7592761C117C2900F7BD3B /* LeftCategoryCell.swift */,
				1A7592771C117C2900F7BD3B /* LoginForm.swift */,
				1A7592781C117C2900F7BD3B /* MGSwipeButton.h */,
				1A7592791C117C2900F7BD3B /* MGSwipeButton.m */,
				1A75927A1C117C2900F7BD3B /* MGSwipeTableCell.h */,
				1A75927B1C117C2900F7BD3B /* MGSwipeTableCell.m */,
				1A75927C1C117C2900F7BD3B /* Post.swift */,
				1A75927D1C117C2900F7BD3B /* PostTableViewCell.swift */,
				1A75927E1C117C2900F7BD3B /* RegisterView.swift */,
				1A75927F1C117C2900F7BD3B /* RightCategory.swift */,
				1A7592801C117C2900F7BD3B /* RightCategoryCell.swift */,
				1A7592811C117C2900F7BD3B /* ServerRequestFactory.swift */,
				1A7592821C117C2900F7BD3B /* settings.png */,
				1A7592831C117C2900F7BD3B /* SWRevealViewController.h */,
				1A7592841C117C2900F7BD3B /* SWRevealViewController.m */,
				1A7592851C117C2900F7BD3B /* user.png */,
				1A7592861C117C2900F7BD3B /* ViewController.swift */,
				1A4172D21C116D5900417D6F /* appIcon.assests.xcassets */,
				1A9C89801C1167EB0040C9E9 /* Assets.xcassets */,
				1AEE78FC1C12CD11004AB084 /* MyAccountPage.swift */,
			);
			path = Chiller;
			sourceTree = "<group>";
		};
		1A9C898D1C1167EB0040C9E9 /* ChillerTests */ = {
			isa = PBXGroup;
			children = (
				1A9C898E1C1167EB0040C9E9 /* ChillerTests.swift */,
				1A9C89901C1167EB0040C9E9 /* Info.plist */,
			);
			path = ChillerTests;
			sourceTree = "<group>";
		};
		1A9C89981C1167EB0040C9E9 /* ChillerUITests */ = {
			isa = PBXGroup;
			children = (
				1A9C89991C1167EB0040C9E9 /* ChillerUITests.swift */,
				1A9C899B1C1167EB0040C9E9 /* Info.plist */,
			);
			path = ChillerUITests;
			sourceTree = "<group>";
		};
/* End PBXGroup section */

/* Begin PBXNativeTarget section */
		1A9C89751C1167EB0040C9E9 /* Chiller */ = {
			isa = PBXNativeTarget;
			buildConfigurationList = 1A9C899E1C1167EB0040C9E9 /* Build configuration list for PBXNativeTarget "Chiller" */;
			buildPhases = (
				1A9C89721C1167EB0040C9E9 /* Sources */,
				1A9C89731C1167EB0040C9E9 /* Frameworks */,
				1A9C89741C1167EB0040C9E9 /* Resources */,
				1A715E731C16291B00631BB4 /* Embed Frameworks */,
			);
			buildRules = (
			);
			dependencies = (
				1A715E721C16291B00631BB4 /* PBXTargetDependency */,
				1A715E8F1C162BA500631BB4 /* PBXTargetDependency */,
			);
			name = Chiller;
			productName = Chiller;
			productReference = 1A9C89761C1167EB0040C9E9 /* Chiller.app */;
			productType = "com.apple.product-type.application";
		};
		1A9C89891C1167EB0040C9E9 /* ChillerTests */ = {
			isa = PBXNativeTarget;
			buildConfigurationList = 1A9C89A11C1167EB0040C9E9 /* Build configuration list for PBXNativeTarget "ChillerTests" */;
			buildPhases = (
				1A9C89861C1167EB0040C9E9 /* Sources */,
				1A9C89871C1167EB0040C9E9 /* Frameworks */,
				1A9C89881C1167EB0040C9E9 /* Resources */,
			);
			buildRules = (
			);
			dependencies = (
				1A9C898C1C1167EB0040C9E9 /* PBXTargetDependency */,
			);
			name = ChillerTests;
			productName = ChillerTests;
			productReference = 1A9C898A1C1167EB0040C9E9 /* ChillerTests.xctest */;
			productType = "com.apple.product-type.bundle.unit-test";
		};
		1A9C89941C1167EB0040C9E9 /* ChillerUITests */ = {
			isa = PBXNativeTarget;
			buildConfigurationList = 1A9C89A41C1167EB0040C9E9 /* Build configuration list for PBXNativeTarget "ChillerUITests" */;
			buildPhases = (
				1A9C89911C1167EB0040C9E9 /* Sources */,
				1A9C89921C1167EB0040C9E9 /* Frameworks */,
				1A9C89931C1167EB0040C9E9 /* Resources */,
			);
			buildRules = (
			);
			dependencies = (
				1A9C89971C1167EB0040C9E9 /* PBXTargetDependency */,
			);
			name = ChillerUITests;
			productName = ChillerUITests;
			productReference = 1A9C89951C1167EB0040C9E9 /* ChillerUITests.xctest */;
			productType = "com.apple.product-type.bundle.ui-testing";
		};
/* End PBXNativeTarget section */

/* Begin PBXProject section */
		1A9C896E1C1167EB0040C9E9 /* Project object */ = {
			isa = PBXProject;
			attributes = {
				LastSwiftUpdateCheck = 0710;
				LastUpgradeCheck = 0710;
				ORGANIZATIONNAME = MK;
				TargetAttributes = {
					1A9C89751C1167EB0040C9E9 = {
						CreatedOnToolsVersion = 7.1.1;
						DevelopmentTeam = PJE8423Y86;
					};
					1A9C89891C1167EB0040C9E9 = {
						CreatedOnToolsVersion = 7.1.1;
						TestTargetID = 1A9C89751C1167EB0040C9E9;
					};
					1A9C89941C1167EB0040C9E9 = {
						CreatedOnToolsVersion = 7.1.1;
						TestTargetID = 1A9C89751C1167EB0040C9E9;
					};
				};
			};
			buildConfigurationList = 1A9C89711C1167EB0040C9E9 /* Build configuration list for PBXProject "Chiller" */;
			compatibilityVersion = "Xcode 3.2";
			developmentRegion = English;
			hasScannedForEncodings = 0;
			knownRegions = (
				en,
				Base,
			);
			mainGroup = 1A9C896D1C1167EB0040C9E9;
			productRefGroup = 1A9C89771C1167EB0040C9E9 /* Products */;
			projectDirPath = "";
			projectReferences = (
				{
					ProductGroup = 1A715E751C162B9700631BB4 /* Products */;
					ProjectRef = 1A715E741C162B9700631BB4 /* Alamofire.xcodeproj */;
				},
				{
					ProductGroup = 1A715E571C16290D00631BB4 /* Products */;
					ProjectRef = 1A715E561C16290D00631BB4 /* AlamofireImage.xcodeproj */;
				},
			);
			projectRoot = "";
			targets = (
				1A9C89751C1167EB0040C9E9 /* Chiller */,
				1A9C89891C1167EB0040C9E9 /* ChillerTests */,
				1A9C89941C1167EB0040C9E9 /* ChillerUITests */,
			);
		};
/* End PBXProject section */

/* Begin PBXReferenceProxy section */
		1A715E621C16290D00631BB4 /* AlamofireImage.framework */ = {
			isa = PBXReferenceProxy;
			fileType = wrapper.framework;
			path = AlamofireImage.framework;
			remoteRef = 1A715E611C16290D00631BB4 /* PBXContainerItemProxy */;
			sourceTree = BUILT_PRODUCTS_DIR;
		};
		1A715E641C16290D00631BB4 /* AlamofireImage iOS Tests.xctest */ = {
			isa = PBXReferenceProxy;
			fileType = wrapper.cfbundle;
			path = "AlamofireImage iOS Tests.xctest";
			remoteRef = 1A715E631C16290D00631BB4 /* PBXContainerItemProxy */;
			sourceTree = BUILT_PRODUCTS_DIR;
		};
		1A715E661C16290D00631BB4 /* AlamofireImage.framework */ = {
			isa = PBXReferenceProxy;
			fileType = wrapper.framework;
			path = AlamofireImage.framework;
			remoteRef = 1A715E651C16290D00631BB4 /* PBXContainerItemProxy */;
			sourceTree = BUILT_PRODUCTS_DIR;
		};
		1A715E681C16290D00631BB4 /* AlamofireImage OSX Tests.xctest */ = {
			isa = PBXReferenceProxy;
			fileType = wrapper.cfbundle;
			path = "AlamofireImage OSX Tests.xctest";
			remoteRef = 1A715E671C16290D00631BB4 /* PBXContainerItemProxy */;
			sourceTree = BUILT_PRODUCTS_DIR;
		};
		1A715E6A1C16290D00631BB4 /* AlamofireImage.framework */ = {
			isa = PBXReferenceProxy;
			fileType = wrapper.framework;
			path = AlamofireImage.framework;
			remoteRef = 1A715E691C16290D00631BB4 /* PBXContainerItemProxy */;
			sourceTree = BUILT_PRODUCTS_DIR;
		};
		1A715E6C1C16290D00631BB4 /* AlamofireImage tvOS Tests.xctest */ = {
			isa = PBXReferenceProxy;
			fileType = wrapper.cfbundle;
			path = "AlamofireImage tvOS Tests.xctest";
			remoteRef = 1A715E6B1C16290D00631BB4 /* PBXContainerItemProxy */;
			sourceTree = BUILT_PRODUCTS_DIR;
		};
		1A715E6E1C16290D00631BB4 /* AlamofireImage.framework */ = {
			isa = PBXReferenceProxy;
			fileType = wrapper.framework;
			path = AlamofireImage.framework;
			remoteRef = 1A715E6D1C16290D00631BB4 /* PBXContainerItemProxy */;
			sourceTree = BUILT_PRODUCTS_DIR;
		};
		1A715E7F1C162B9700631BB4 /* Alamofire.framework */ = {
			isa = PBXReferenceProxy;
			fileType = wrapper.framework;
			path = Alamofire.framework;
			remoteRef = 1A715E7E1C162B9700631BB4 /* PBXContainerItemProxy */;
			sourceTree = BUILT_PRODUCTS_DIR;
		};
		1A715E811C162B9700631BB4 /* Alamofire iOS Tests.xctest */ = {
			isa = PBXReferenceProxy;
			fileType = wrapper.cfbundle;
			path = "Alamofire iOS Tests.xctest";
			remoteRef = 1A715E801C162B9700631BB4 /* PBXContainerItemProxy */;
			sourceTree = BUILT_PRODUCTS_DIR;
		};
		1A715E831C162B9700631BB4 /* Alamofire.framework */ = {
			isa = PBXReferenceProxy;
			fileType = wrapper.framework;
			path = Alamofire.framework;
			remoteRef = 1A715E821C162B9700631BB4 /* PBXContainerItemProxy */;
			sourceTree = BUILT_PRODUCTS_DIR;
		};
		1A715E851C162B9700631BB4 /* Alamofire OSX Tests.xctest */ = {
			isa = PBXReferenceProxy;
			fileType = wrapper.cfbundle;
			path = "Alamofire OSX Tests.xctest";
			remoteRef = 1A715E841C162B9700631BB4 /* PBXContainerItemProxy */;
			sourceTree = BUILT_PRODUCTS_DIR;
		};
		1A715E871C162B9700631BB4 /* Alamofire.framework */ = {
			isa = PBXReferenceProxy;
			fileType = wrapper.framework;
			path = Alamofire.framework;
			remoteRef = 1A715E861C162B9700631BB4 /* PBXContainerItemProxy */;
			sourceTree = BUILT_PRODUCTS_DIR;
		};
		1A715E891C162B9700631BB4 /* Alamofire tvOS Tests.xctest */ = {
			isa = PBXReferenceProxy;
			fileType = wrapper.cfbundle;
			path = "Alamofire tvOS Tests.xctest";
			remoteRef = 1A715E881C162B9700631BB4 /* PBXContainerItemProxy */;
			sourceTree = BUILT_PRODUCTS_DIR;
		};
		1A715E8B1C162B9700631BB4 /* Alamofire.framework */ = {
			isa = PBXReferenceProxy;
			fileType = wrapper.framework;
			path = Alamofire.framework;
			remoteRef = 1A715E8A1C162B9700631BB4 /* PBXContainerItemProxy */;
			sourceTree = BUILT_PRODUCTS_DIR;
		};
/* End PBXReferenceProxy section */

/* Begin PBXResourcesBuildPhase section */
		1A9C89741C1167EB0040C9E9 /* Resources */ = {
			isa = PBXResourcesBuildPhase;
			buildActionMask = 2147483647;
			files = (
				1A75928C1C117C2900F7BD3B /* Info.plist in Resources */,
				1A7592981C117C2900F7BD3B /* settings.png in Resources */,
				1A75929A1C117C2900F7BD3B /* user.png in Resources */,
				1A7592A11C117C7900F7BD3B /* Main.storyboard in Resources */,
				1A4172D31C116D5900417D6F /* appIcon.assests.xcassets in Resources */,
				1A7592A01C117C7900F7BD3B /* LaunchScreen.storyboard in Resources */,
				1A9C89811C1167EB0040C9E9 /* Assets.xcassets in Resources */,
				1A7592871C117C2900F7BD3B /* animal496.png in Resources */,
			);
			runOnlyForDeploymentPostprocessing = 0;
		};
		1A9C89881C1167EB0040C9E9 /* Resources */ = {
			isa = PBXResourcesBuildPhase;
			buildActionMask = 2147483647;
			files = (
			);
			runOnlyForDeploymentPostprocessing = 0;
		};
		1A9C89931C1167EB0040C9E9 /* Resources */ = {
			isa = PBXResourcesBuildPhase;
			buildActionMask = 2147483647;
			files = (
			);
			runOnlyForDeploymentPostprocessing = 0;
		};
/* End PBXResourcesBuildPhase section */

/* Begin PBXSourcesBuildPhase section */
		1A9C89721C1167EB0040C9E9 /* Sources */ = {
			isa = PBXSourcesBuildPhase;
			buildActionMask = 2147483647;
			files = (
				1A7592931C117C2900F7BD3B /* PostTableViewCell.swift in Sources */,
				1A7592891C117C2900F7BD3B /* BackTableVC.swift in Sources */,
				1A7592971C117C2900F7BD3B /* ServerRequestFactory.swift in Sources */,
				1A75928A1C117C2900F7BD3B /* CategoryPost.swift in Sources */,
				1A7592901C117C2900F7BD3B /* MGSwipeButton.m in Sources */,
				1A75928D1C117C2900F7BD3B /* LeftCategory.swift in Sources */,
				1A7592881C117C2900F7BD3B /* AppDelegate.swift in Sources */,
				1A7592961C117C2900F7BD3B /* RightCategoryCell.swift in Sources */,
				1AEE78FD1C12CD11004AB084 /* MyAccountPage.swift in Sources */,
				1A75928F1C117C2900F7BD3B /* LoginForm.swift in Sources */,
				1A75929B1C117C2900F7BD3B /* ViewController.swift in Sources */,
				1A75928E1C117C2900F7BD3B /* LeftCategoryCell.swift in Sources */,
				1A7592911C117C2900F7BD3B /* MGSwipeTableCell.m in Sources */,
				1A7592991C117C2900F7BD3B /* SWRevealViewController.m in Sources */,
				1A7592941C117C2900F7BD3B /* RegisterView.swift in Sources */,
				1A7592951C117C2900F7BD3B /* RightCategory.swift in Sources */,
				1A75928B1C117C2900F7BD3B /* FriendSection.swift in Sources */,
				1A7592921C117C2900F7BD3B /* Post.swift in Sources */,
			);
			runOnlyForDeploymentPostprocessing = 0;
		};
		1A9C89861C1167EB0040C9E9 /* Sources */ = {
			isa = PBXSourcesBuildPhase;
			buildActionMask = 2147483647;
			files = (
				1A9C898F1C1167EB0040C9E9 /* ChillerTests.swift in Sources */,
			);
			runOnlyForDeploymentPostprocessing = 0;
		};
		1A9C89911C1167EB0040C9E9 /* Sources */ = {
			isa = PBXSourcesBuildPhase;
			buildActionMask = 2147483647;
			files = (
				1A9C899A1C1167EB0040C9E9 /* ChillerUITests.swift in Sources */,
			);
			runOnlyForDeploymentPostprocessing = 0;
		};
/* End PBXSourcesBuildPhase section */

/* Begin PBXTargetDependency section */
		1A715E721C16291B00631BB4 /* PBXTargetDependency */ = {
			isa = PBXTargetDependency;
			name = "AlamofireImage iOS";
			targetProxy = 1A715E711C16291B00631BB4 /* PBXContainerItemProxy */;
		};
		1A715E8F1C162BA500631BB4 /* PBXTargetDependency */ = {
			isa = PBXTargetDependency;
			name = "Alamofire iOS";
			targetProxy = 1A715E8E1C162BA500631BB4 /* PBXContainerItemProxy */;
		};
		1A9C898C1C1167EB0040C9E9 /* PBXTargetDependency */ = {
			isa = PBXTargetDependency;
			target = 1A9C89751C1167EB0040C9E9 /* Chiller */;
			targetProxy = 1A9C898B1C1167EB0040C9E9 /* PBXContainerItemProxy */;
		};
		1A9C89971C1167EB0040C9E9 /* PBXTargetDependency */ = {
			isa = PBXTargetDependency;
			target = 1A9C89751C1167EB0040C9E9 /* Chiller */;
			targetProxy = 1A9C89961C1167EB0040C9E9 /* PBXContainerItemProxy */;
		};
/* End PBXTargetDependency section */

/* Begin PBXVariantGroup section */
		1A75929C1C117C7900F7BD3B /* LaunchScreen.storyboard */ = {
			isa = PBXVariantGroup;
			children = (
				1A75929D1C117C7900F7BD3B /* Base */,
			);
			name = LaunchScreen.storyboard;
			sourceTree = "<group>";
		};
		1A75929E1C117C7900F7BD3B /* Main.storyboard */ = {
			isa = PBXVariantGroup;
			children = (
				1A75929F1C117C7900F7BD3B /* Base */,
			);
			name = Main.storyboard;
			sourceTree = "<group>";
		};
/* End PBXVariantGroup section */

/* Begin XCBuildConfiguration section */
		1A9C899C1C1167EB0040C9E9 /* Debug */ = {
			isa = XCBuildConfiguration;
			buildSettings = {
				ALWAYS_SEARCH_USER_PATHS = NO;
				CLANG_CXX_LANGUAGE_STANDARD = "gnu++0x";
				CLANG_CXX_LIBRARY = "libc++";
				CLANG_ENABLE_MODULES = YES;
				CLANG_ENABLE_OBJC_ARC = YES;
				CLANG_WARN_BOOL_CONVERSION = YES;
				CLANG_WARN_CONSTANT_CONVERSION = YES;
				CLANG_WARN_DIRECT_OBJC_ISA_USAGE = YES_ERROR;
				CLANG_WARN_EMPTY_BODY = YES;
				CLANG_WARN_ENUM_CONVERSION = YES;
				CLANG_WARN_INT_CONVERSION = YES;
				CLANG_WARN_OBJC_ROOT_CLASS = YES_ERROR;
				CLANG_WARN_UNREACHABLE_CODE = YES;
				CLANG_WARN__DUPLICATE_METHOD_MATCH = YES;
				CODE_SIGN_IDENTITY = "iPhone Developer: michael.vald3z@gmail.com (U44LW3MH5N)";
				"CODE_SIGN_IDENTITY[sdk=iphoneos*]" = "iPhone Developer";
				COPY_PHASE_STRIP = NO;
				DEBUG_INFORMATION_FORMAT = dwarf;
				EMBEDDED_CONTENT_CONTAINS_SWIFT = YES;
				ENABLE_STRICT_OBJC_MSGSEND = YES;
				ENABLE_TESTABILITY = NO;
				GCC_C_LANGUAGE_STANDARD = gnu99;
				GCC_DYNAMIC_NO_PIC = NO;
				GCC_NO_COMMON_BLOCKS = YES;
				GCC_OPTIMIZATION_LEVEL = 0;
				GCC_PREPROCESSOR_DEFINITIONS = (
					"DEBUG=1",
					"$(inherited)",
				);
				GCC_WARN_64_TO_32_BIT_CONVERSION = YES;
				GCC_WARN_ABOUT_RETURN_TYPE = YES_ERROR;
				GCC_WARN_UNDECLARED_SELECTOR = YES;
				GCC_WARN_UNINITIALIZED_AUTOS = YES_AGGRESSIVE;
				GCC_WARN_UNUSED_FUNCTION = YES;
				GCC_WARN_UNUSED_VARIABLE = YES;
				IPHONEOS_DEPLOYMENT_TARGET = 9.2;
				MTL_ENABLE_DEBUG_INFO = YES;
				ONLY_ACTIVE_ARCH = YES;
				SDKROOT = iphoneos;
				SWIFT_OPTIMIZATION_LEVEL = "-Onone";
				VALIDATE_PRODUCT = YES;
			};
			name = Debug;
		};
		1A9C899D1C1167EB0040C9E9 /* Release */ = {
			isa = XCBuildConfiguration;
			buildSettings = {
				ALWAYS_SEARCH_USER_PATHS = NO;
				CLANG_CXX_LANGUAGE_STANDARD = "gnu++0x";
				CLANG_CXX_LIBRARY = "libc++";
				CLANG_ENABLE_MODULES = YES;
				CLANG_ENABLE_OBJC_ARC = YES;
				CLANG_WARN_BOOL_CONVERSION = YES;
				CLANG_WARN_CONSTANT_CONVERSION = YES;
				CLANG_WARN_DIRECT_OBJC_ISA_USAGE = YES_ERROR;
				CLANG_WARN_EMPTY_BODY = YES;
				CLANG_WARN_ENUM_CONVERSION = YES;
				CLANG_WARN_INT_CONVERSION = YES;
				CLANG_WARN_OBJC_ROOT_CLASS = YES_ERROR;
				CLANG_WARN_UNREACHABLE_CODE = YES;
				CLANG_WARN__DUPLICATE_METHOD_MATCH = YES;
				CODE_SIGN_IDENTITY = "iPhone Developer: michael.vald3z@gmail.com (U44LW3MH5N)";
				"CODE_SIGN_IDENTITY[sdk=iphoneos*]" = "iPhone Developer";
				COPY_PHASE_STRIP = NO;
				DEBUG_INFORMATION_FORMAT = "dwarf-with-dsym";
				EMBEDDED_CONTENT_CONTAINS_SWIFT = YES;
				ENABLE_NS_ASSERTIONS = NO;
				ENABLE_STRICT_OBJC_MSGSEND = YES;
				GCC_C_LANGUAGE_STANDARD = gnu99;
				GCC_NO_COMMON_BLOCKS = YES;
				GCC_WARN_64_TO_32_BIT_CONVERSION = YES;
				GCC_WARN_ABOUT_RETURN_TYPE = YES_ERROR;
				GCC_WARN_UNDECLARED_SELECTOR = YES;
				GCC_WARN_UNINITIALIZED_AUTOS = YES_AGGRESSIVE;
				GCC_WARN_UNUSED_FUNCTION = YES;
				GCC_WARN_UNUSED_VARIABLE = YES;
				IPHONEOS_DEPLOYMENT_TARGET = 9.2;
				MTL_ENABLE_DEBUG_INFO = NO;
				SDKROOT = iphoneos;
				VALIDATE_PRODUCT = YES;
			};
			name = Release;
		};
		1A9C899F1C1167EB0040C9E9 /* Debug */ = {
			isa = XCBuildConfiguration;
			buildSettings = {
				ASSETCATALOG_COMPILER_APPICON_NAME = AppIcon;
				ASSETCATALOG_COMPILER_LAUNCHIMAGE_NAME = "Brand Assets";
				CLANG_ENABLE_MODULES = YES;
				CODE_SIGN_IDENTITY = "iPhone Developer";
				EMBEDDED_CONTENT_CONTAINS_SWIFT = YES;
				INFOPLIST_FILE = "$(SRCROOT)/Chiller/Info.plist";
				LD_RUNPATH_SEARCH_PATHS = "$(inherited) @executable_path/Frameworks";
				PRODUCT_BUNDLE_IDENTIFIER = MK.Chiller;
				PRODUCT_NAME = "$(TARGET_NAME)";
				SWIFT_OBJC_BRIDGING_HEADER = "Chiller/Chiller-Bridging-Header.h";
				SWIFT_OPTIMIZATION_LEVEL = "-Onone";
			};
			name = Debug;
		};
		1A9C89A01C1167EB0040C9E9 /* Release */ = {
			isa = XCBuildConfiguration;
			buildSettings = {
				ASSETCATALOG_COMPILER_APPICON_NAME = AppIcon;
				ASSETCATALOG_COMPILER_LAUNCHIMAGE_NAME = "Brand Assets";
				CLANG_ENABLE_MODULES = YES;
				CODE_SIGN_IDENTITY = "iPhone Developer";
				EMBEDDED_CONTENT_CONTAINS_SWIFT = YES;
				INFOPLIST_FILE = "$(SRCROOT)/Chiller/Info.plist";
				LD_RUNPATH_SEARCH_PATHS = "$(inherited) @executable_path/Frameworks";
				PRODUCT_BUNDLE_IDENTIFIER = MK.Chiller;
				PRODUCT_NAME = "$(TARGET_NAME)";
				SWIFT_OBJC_BRIDGING_HEADER = "Chiller/Chiller-Bridging-Header.h";
				SWIFT_OPTIMIZATION_LEVEL = "-Onone";
			};
			name = Release;
		};
		1A9C89A21C1167EB0040C9E9 /* Debug */ = {
			isa = XCBuildConfiguration;
			buildSettings = {
				BUNDLE_LOADER = "$(TEST_HOST)";
				INFOPLIST_FILE = ChillerTests/Info.plist;
				LD_RUNPATH_SEARCH_PATHS = "$(inherited) @executable_path/Frameworks @loader_path/Frameworks";
				PRODUCT_BUNDLE_IDENTIFIER = MK.ChillerTests;
				PRODUCT_NAME = "$(TARGET_NAME)";
				TEST_HOST = "$(BUILT_PRODUCTS_DIR)/Chiller.app/Chiller";
			};
			name = Debug;
		};
		1A9C89A31C1167EB0040C9E9 /* Release */ = {
			isa = XCBuildConfiguration;
			buildSettings = {
				BUNDLE_LOADER = "$(TEST_HOST)";
				INFOPLIST_FILE = ChillerTests/Info.plist;
				LD_RUNPATH_SEARCH_PATHS = "$(inherited) @executable_path/Frameworks @loader_path/Frameworks";
				PRODUCT_BUNDLE_IDENTIFIER = MK.ChillerTests;
				PRODUCT_NAME = "$(TARGET_NAME)";
				TEST_HOST = "$(BUILT_PRODUCTS_DIR)/Chiller.app/Chiller";
			};
			name = Release;
		};
		1A9C89A51C1167EB0040C9E9 /* Debug */ = {
			isa = XCBuildConfiguration;
			buildSettings = {
				INFOPLIST_FILE = ChillerUITests/Info.plist;
				LD_RUNPATH_SEARCH_PATHS = "$(inherited) @executable_path/Frameworks @loader_path/Frameworks";
				PRODUCT_BUNDLE_IDENTIFIER = MK.ChillerUITests;
				PRODUCT_NAME = "$(TARGET_NAME)";
				TEST_TARGET_NAME = Chiller;
				USES_XCTRUNNER = YES;
			};
			name = Debug;
		};
		1A9C89A61C1167EB0040C9E9 /* Release */ = {
			isa = XCBuildConfiguration;
			buildSettings = {
				INFOPLIST_FILE = ChillerUITests/Info.plist;
				LD_RUNPATH_SEARCH_PATHS = "$(inherited) @executable_path/Frameworks @loader_path/Frameworks";
				PRODUCT_BUNDLE_IDENTIFIER = MK.ChillerUITests;
				PRODUCT_NAME = "$(TARGET_NAME)";
				TEST_TARGET_NAME = Chiller;
				USES_XCTRUNNER = YES;
			};
			name = Release;
		};
/* End XCBuildConfiguration section */

/* Begin XCConfigurationList section */
		1A9C89711C1167EB0040C9E9 /* Build configuration list for PBXProject "Chiller" */ = {
			isa = XCConfigurationList;
			buildConfigurations = (
				1A9C899C1C1167EB0040C9E9 /* Debug */,
				1A9C899D1C1167EB0040C9E9 /* Release */,
			);
			defaultConfigurationIsVisible = 0;
			defaultConfigurationName = Release;
		};
		1A9C899E1C1167EB0040C9E9 /* Build configuration list for PBXNativeTarget "Chiller" */ = {
			isa = XCConfigurationList;
			buildConfigurations = (
				1A9C899F1C1167EB0040C9E9 /* Debug */,
				1A9C89A01C1167EB0040C9E9 /* Release */,
			);
			defaultConfigurationIsVisible = 0;
			defaultConfigurationName = Release;
		};
		1A9C89A11C1167EB0040C9E9 /* Build configuration list for PBXNativeTarget "ChillerTests" */ = {
			isa = XCConfigurationList;
			buildConfigurations = (
				1A9C89A21C1167EB0040C9E9 /* Debug */,
				1A9C89A31C1167EB0040C9E9 /* Release */,
			);
			defaultConfigurationIsVisible = 0;
			defaultConfigurationName = Release;
		};
		1A9C89A41C1167EB0040C9E9 /* Build configuration list for PBXNativeTarget "ChillerUITests" */ = {
			isa = XCConfigurationList;
			buildConfigurations = (
				1A9C89A51C1167EB0040C9E9 /* Debug */,
				1A9C89A61C1167EB0040C9E9 /* Release */,
			);
			defaultConfigurationIsVisible = 0;
			defaultConfigurationName = Release;
		};
/* End XCConfigurationList section */
	};
	rootObject = 1A9C896E1C1167EB0040C9E9 /* Project object */;
}
